{
  "object": {
    "pins": [
      {
        "package": "Colorizer",
        "repositoryURL": "https://github.com/getGuaka/Colorizer",
        "state": {
          "branch": null,
          "revision": "2ccc99bf1715e73c4139e8d40b6e6b30be975586",
          "version": "0.2.1"
        }
      },
      {
        "package": "SwiftSoup",
        "repositoryURL": "https://github.com/scinfu/SwiftSoup",
        "state": {
          "branch": null,
          "revision": "774dc9c7213085db8aa59595e27c1cd22e428904",
          "version": "2.3.2"
        }
      }
    ]
  },
  "version": 1
}
